
Microsoft Visual Studio Solution File, Format Version 12.00
# Visual Studio Version 16
VisualStudioVersion = 25.0.1706.9
MinimumVisualStudioVersion = 10.0.40219.1
Project("{FAE04EC0-301F-11D3-BF4B-00C04F79EFBC}") = "Paterns_arch_4", "Paterns_arch_4\Paterns_arch_4.csproj", "{0C43F862-6FB7-43C0-8067-873B08EDDE3C}"
EndProject
Global
	GlobalSection(SolutionConfigurationPlatforms) = preSolution
		Debug|Any CPU = Debug|Any CPU
		Release|Any CPU = Release|Any CPU
	EndGlobalSection
	GlobalSection(ProjectConfigurationPlatforms) = postSolution
		{0C43F862-6FB7-43C0-8067-873B08EDDE3C}.Debug|Any CPU.ActiveCfg = Debug|Any CPU
		{0C43F862-6FB7-43C0-8067-873B08EDDE3C}.Debug|Any CPU.Build.0 = Debug|Any CPU
		{0C43F862-6FB7-43C0-8067-873B08EDDE3C}.Release|Any CPU.ActiveCfg = Release|Any CPU
		{0C43F862-6FB7-43C0-8067-873B08EDDE3C}.Release|Any CPU.Build.0 = Release|Any CPU
	EndGlobalSection
	GlobalSection(SolutionProperties) = preSolution
		HideSolutionNode = FALSE
	EndGlobalSection
	GlobalSection(ExtensibilityGlobals) = postSolution
		SolutionGuid = {2839871C-F06F-4614-8280-3CABDFD3EB0A}
	EndGlobalSection
EndGlobal
